<?xml version="1.0" encoding="UTF-8" standalone="yes" ?>
<CodeBlocks_project_file>
	<FileVersion major="1" minor="6" />
	<Project>
		<Option title="UFO:Alien Invasion" />
		<Option makefile_is_custom="1" />
		<Option compiler="gcc" />
		<MakeCommands>
			<Build command="$make -r -R -f $makefile $target" />
			<CompileFile command="$make -r -R -f $makefile $file" />
			<Clean command="$make -r -R -f $makefile clean-$target" />
			<DistClean command="$make -r -R -f $makefile distclean" />
			<AskRebuildNeeded command="$make -r -R -q -f $makefile $target" />
			<SilentBuild command="$make -r -R -s -f $makefile $target" />
		</MakeCommands>
		<Build>
			<Target title="cgame-campaign"/>
			<Target title="cgame-multiplayer"/>
			<Target title="cgame-skirmish"/>
			<Target title="cgame-staticcampaign"/>
			<Target title="game"/>
			<Target title="memory"/>
			<Target title="testall"/>
			<Target title="ufo2map"/>
			<Target title="ufoded"/>
			<Target title="ufo"/>
			<Target title="ufomodel"/>
			<Target title="uforadiant"/>
			<Target title="ufoslicer"/>
		</Build>
		<Extensions>
			<code_completion />
			<envvars />
			<debugger />
		</Extensions>
	</Project>
</CodeBlocks_project_file>
