
Microsoft Visual Studio Solution File, Format Version 9.00
# Visual C++ Express 2005
Project("{8BC9CEB8-8B4A-11D0-8D11-00A0C91BC942}") = "game", "game\game.vcproj", "{A5D5E988-44F6-426F-BF5D-AEBCCBB3E694}"
EndProject
Project("{8BC9CEB8-8B4A-11D0-8D11-00A0C91BC942}") = "ref_gl", "ref_gl\ref_gl.vcproj", "{7CC842F1-9F48-4E10-8477-98A18533260F}"
	ProjectSection(ProjectDependencies) = postProject
		{A5D5E988-44F6-426F-BF5D-AEBCCBB3E694} = {A5D5E988-44F6-426F-BF5D-AEBCCBB3E694}
	EndProjectSection
EndProject
Project("{8BC9CEB8-8B4A-11D0-8D11-00A0C91BC942}") = "ufo", "ufo.vcproj", "{81666F07-269F-43B1-BE2E-2762520E562E}"
	ProjectSection(ProjectDependencies) = postProject
		{A5D5E988-44F6-426F-BF5D-AEBCCBB3E694} = {A5D5E988-44F6-426F-BF5D-AEBCCBB3E694}
		{7CC842F1-9F48-4E10-8477-98A18533260F} = {7CC842F1-9F48-4E10-8477-98A18533260F}
	EndProjectSection
EndProject
Project("{8BC9CEB8-8B4A-11D0-8D11-00A0C91BC942}") = "snd_sdl", "snd_sdl.vcproj", "{3FCDBDD7-F2C7-47E1-B9E9-122115291A6C}"
EndProject
Project("{8BC9CEB8-8B4A-11D0-8D11-00A0C91BC942}") = "snd_dx", "snd_dx.vcproj", "{307635D0-E3B8-4F1F-8CF2-3FD024864F6F}"
EndProject
Project("{8BC9CEB8-8B4A-11D0-8D11-00A0C91BC942}") = "snd_wapi", "snd_wapi.vcproj", "{BB22A9ED-7CF8-473A-BE40-B0D6F7FDF2D2}"
EndProject
Global
	GlobalSection(SolutionConfigurationPlatforms) = preSolution
		Debug Alpha|Win32 = Debug Alpha|Win32
		Debug Alpha|x64 = Debug Alpha|x64
		Debug|Win32 = Debug|Win32
		Debug|x64 = Debug|x64
		Release Alpha|Win32 = Release Alpha|Win32
		Release Alpha|x64 = Release Alpha|x64
		Release|Win32 = Release|Win32
		Release|x64 = Release|x64
	EndGlobalSection
	GlobalSection(ProjectConfigurationPlatforms) = postSolution
		{A5D5E988-44F6-426F-BF5D-AEBCCBB3E694}.Debug Alpha|Win32.ActiveCfg = Debug|x64
		{A5D5E988-44F6-426F-BF5D-AEBCCBB3E694}.Debug Alpha|x64.ActiveCfg = Debug|x64
		{A5D5E988-44F6-426F-BF5D-AEBCCBB3E694}.Debug Alpha|x64.Build.0 = Debug|x64
		{A5D5E988-44F6-426F-BF5D-AEBCCBB3E694}.Debug|Win32.ActiveCfg = Debug|Win32
		{A5D5E988-44F6-426F-BF5D-AEBCCBB3E694}.Debug|Win32.Build.0 = Debug|Win32
		{A5D5E988-44F6-426F-BF5D-AEBCCBB3E694}.Debug|x64.ActiveCfg = Debug|x64
		{A5D5E988-44F6-426F-BF5D-AEBCCBB3E694}.Debug|x64.Build.0 = Debug|x64
		{A5D5E988-44F6-426F-BF5D-AEBCCBB3E694}.Release Alpha|Win32.ActiveCfg = Release|x64
		{A5D5E988-44F6-426F-BF5D-AEBCCBB3E694}.Release Alpha|x64.ActiveCfg = Release|x64
		{A5D5E988-44F6-426F-BF5D-AEBCCBB3E694}.Release Alpha|x64.Build.0 = Release|x64
		{A5D5E988-44F6-426F-BF5D-AEBCCBB3E694}.Release|Win32.ActiveCfg = Release|Win32
		{A5D5E988-44F6-426F-BF5D-AEBCCBB3E694}.Release|Win32.Build.0 = Release|Win32
		{A5D5E988-44F6-426F-BF5D-AEBCCBB3E694}.Release|x64.ActiveCfg = Release|x64
		{A5D5E988-44F6-426F-BF5D-AEBCCBB3E694}.Release|x64.Build.0 = Release|x64
		{7CC842F1-9F48-4E10-8477-98A18533260F}.Debug Alpha|Win32.ActiveCfg = Debug|x64
		{7CC842F1-9F48-4E10-8477-98A18533260F}.Debug Alpha|x64.ActiveCfg = Debug|x64
		{7CC842F1-9F48-4E10-8477-98A18533260F}.Debug Alpha|x64.Build.0 = Debug|x64
		{7CC842F1-9F48-4E10-8477-98A18533260F}.Debug|Win32.ActiveCfg = Debug|Win32
		{7CC842F1-9F48-4E10-8477-98A18533260F}.Debug|Win32.Build.0 = Debug|Win32
		{7CC842F1-9F48-4E10-8477-98A18533260F}.Debug|x64.ActiveCfg = Debug|x64
		{7CC842F1-9F48-4E10-8477-98A18533260F}.Debug|x64.Build.0 = Debug|x64
		{7CC842F1-9F48-4E10-8477-98A18533260F}.Release Alpha|Win32.ActiveCfg = Release|x64
		{7CC842F1-9F48-4E10-8477-98A18533260F}.Release Alpha|x64.ActiveCfg = Release|x64
		{7CC842F1-9F48-4E10-8477-98A18533260F}.Release Alpha|x64.Build.0 = Release|x64
		{7CC842F1-9F48-4E10-8477-98A18533260F}.Release|Win32.ActiveCfg = Release|Win32
		{7CC842F1-9F48-4E10-8477-98A18533260F}.Release|Win32.Build.0 = Release|Win32
		{7CC842F1-9F48-4E10-8477-98A18533260F}.Release|x64.ActiveCfg = Release|x64
		{7CC842F1-9F48-4E10-8477-98A18533260F}.Release|x64.Build.0 = Release|x64
		{81666F07-269F-43B1-BE2E-2762520E562E}.Debug Alpha|Win32.ActiveCfg = Debug|x64
		{81666F07-269F-43B1-BE2E-2762520E562E}.Debug Alpha|x64.ActiveCfg = Debug|x64
		{81666F07-269F-43B1-BE2E-2762520E562E}.Debug Alpha|x64.Build.0 = Debug|x64
		{81666F07-269F-43B1-BE2E-2762520E562E}.Debug|Win32.ActiveCfg = Debug|Win32
		{81666F07-269F-43B1-BE2E-2762520E562E}.Debug|Win32.Build.0 = Debug|Win32
		{81666F07-269F-43B1-BE2E-2762520E562E}.Debug|x64.ActiveCfg = Debug|x64
		{81666F07-269F-43B1-BE2E-2762520E562E}.Debug|x64.Build.0 = Debug|x64
		{81666F07-269F-43B1-BE2E-2762520E562E}.Release Alpha|Win32.ActiveCfg = Release|x64
		{81666F07-269F-43B1-BE2E-2762520E562E}.Release Alpha|x64.ActiveCfg = Release|x64
		{81666F07-269F-43B1-BE2E-2762520E562E}.Release Alpha|x64.Build.0 = Release|x64
		{81666F07-269F-43B1-BE2E-2762520E562E}.Release|Win32.ActiveCfg = Release|Win32
		{81666F07-269F-43B1-BE2E-2762520E562E}.Release|Win32.Build.0 = Release|Win32
		{81666F07-269F-43B1-BE2E-2762520E562E}.Release|x64.ActiveCfg = Release|x64
		{81666F07-269F-43B1-BE2E-2762520E562E}.Release|x64.Build.0 = Release|x64
		{3FCDBDD7-F2C7-47E1-B9E9-122115291A6C}.Debug Alpha|Win32.ActiveCfg = Debug|x64
		{3FCDBDD7-F2C7-47E1-B9E9-122115291A6C}.Debug Alpha|x64.ActiveCfg = Debug|x64
		{3FCDBDD7-F2C7-47E1-B9E9-122115291A6C}.Debug Alpha|x64.Build.0 = Debug|x64
		{3FCDBDD7-F2C7-47E1-B9E9-122115291A6C}.Debug|Win32.ActiveCfg = Debug|Win32
		{3FCDBDD7-F2C7-47E1-B9E9-122115291A6C}.Debug|Win32.Build.0 = Debug|Win32
		{3FCDBDD7-F2C7-47E1-B9E9-122115291A6C}.Debug|x64.ActiveCfg = Debug|x64
		{3FCDBDD7-F2C7-47E1-B9E9-122115291A6C}.Debug|x64.Build.0 = Debug|x64
		{3FCDBDD7-F2C7-47E1-B9E9-122115291A6C}.Release Alpha|Win32.ActiveCfg = Release|x64
		{3FCDBDD7-F2C7-47E1-B9E9-122115291A6C}.Release Alpha|x64.ActiveCfg = Release|x64
		{3FCDBDD7-F2C7-47E1-B9E9-122115291A6C}.Release Alpha|x64.Build.0 = Release|x64
		{3FCDBDD7-F2C7-47E1-B9E9-122115291A6C}.Release|Win32.ActiveCfg = Release|Win32
		{3FCDBDD7-F2C7-47E1-B9E9-122115291A6C}.Release|Win32.Build.0 = Release|Win32
		{3FCDBDD7-F2C7-47E1-B9E9-122115291A6C}.Release|x64.ActiveCfg = Release|x64
		{3FCDBDD7-F2C7-47E1-B9E9-122115291A6C}.Release|x64.Build.0 = Release|x64
		{307635D0-E3B8-4F1F-8CF2-3FD024864F6F}.Debug Alpha|Win32.ActiveCfg = Debug|x64
		{307635D0-E3B8-4F1F-8CF2-3FD024864F6F}.Debug Alpha|x64.ActiveCfg = Debug|x64
		{307635D0-E3B8-4F1F-8CF2-3FD024864F6F}.Debug Alpha|x64.Build.0 = Debug|x64
		{307635D0-E3B8-4F1F-8CF2-3FD024864F6F}.Debug|Win32.ActiveCfg = Debug|Win32
		{307635D0-E3B8-4F1F-8CF2-3FD024864F6F}.Debug|Win32.Build.0 = Debug|Win32
		{307635D0-E3B8-4F1F-8CF2-3FD024864F6F}.Debug|x64.ActiveCfg = Debug|x64
		{307635D0-E3B8-4F1F-8CF2-3FD024864F6F}.Debug|x64.Build.0 = Debug|x64
		{307635D0-E3B8-4F1F-8CF2-3FD024864F6F}.Release Alpha|Win32.ActiveCfg = Release|x64
		{307635D0-E3B8-4F1F-8CF2-3FD024864F6F}.Release Alpha|x64.ActiveCfg = Release|x64
		{307635D0-E3B8-4F1F-8CF2-3FD024864F6F}.Release Alpha|x64.Build.0 = Release|x64
		{307635D0-E3B8-4F1F-8CF2-3FD024864F6F}.Release|Win32.ActiveCfg = Release|Win32
		{307635D0-E3B8-4F1F-8CF2-3FD024864F6F}.Release|Win32.Build.0 = Release|Win32
		{307635D0-E3B8-4F1F-8CF2-3FD024864F6F}.Release|x64.ActiveCfg = Release|x64
		{307635D0-E3B8-4F1F-8CF2-3FD024864F6F}.Release|x64.Build.0 = Release|x64
		{BB22A9ED-7CF8-473A-BE40-B0D6F7FDF2D2}.Debug Alpha|Win32.ActiveCfg = Debug|x64
		{BB22A9ED-7CF8-473A-BE40-B0D6F7FDF2D2}.Debug Alpha|x64.ActiveCfg = Debug|x64
		{BB22A9ED-7CF8-473A-BE40-B0D6F7FDF2D2}.Debug Alpha|x64.Build.0 = Debug|x64
		{BB22A9ED-7CF8-473A-BE40-B0D6F7FDF2D2}.Debug|Win32.ActiveCfg = Debug|Win32
		{BB22A9ED-7CF8-473A-BE40-B0D6F7FDF2D2}.Debug|Win32.Build.0 = Debug|Win32
		{BB22A9ED-7CF8-473A-BE40-B0D6F7FDF2D2}.Debug|x64.ActiveCfg = Debug|x64
		{BB22A9ED-7CF8-473A-BE40-B0D6F7FDF2D2}.Debug|x64.Build.0 = Debug|x64
		{BB22A9ED-7CF8-473A-BE40-B0D6F7FDF2D2}.Release Alpha|Win32.ActiveCfg = Release|x64
		{BB22A9ED-7CF8-473A-BE40-B0D6F7FDF2D2}.Release Alpha|x64.ActiveCfg = Release|x64
		{BB22A9ED-7CF8-473A-BE40-B0D6F7FDF2D2}.Release Alpha|x64.Build.0 = Release|x64
		{BB22A9ED-7CF8-473A-BE40-B0D6F7FDF2D2}.Release|Win32.ActiveCfg = Release|Win32
		{BB22A9ED-7CF8-473A-BE40-B0D6F7FDF2D2}.Release|Win32.Build.0 = Release|Win32
		{BB22A9ED-7CF8-473A-BE40-B0D6F7FDF2D2}.Release|x64.ActiveCfg = Release|x64
		{BB22A9ED-7CF8-473A-BE40-B0D6F7FDF2D2}.Release|x64.Build.0 = Release|x64
	EndGlobalSection
	GlobalSection(SolutionProperties) = preSolution
		HideSolutionNode = FALSE
	EndGlobalSection
EndGlobal
