
Microsoft Visual Studio Solution File, Format Version 9.00
# Visual Studio 2005
Project("{8BC9CEB8-8B4A-11D0-8D11-00A0C91BC942}") = "game", "game\game.vcproj", "{A5D5E988-44F6-426F-BF5D-AEBCCBB3E694}"
EndProject
Project("{8BC9CEB8-8B4A-11D0-8D11-00A0C91BC942}") = "ref_gl", "ref_gl\ref_gl.vcproj", "{7CC842F1-9F48-4E10-8477-98A18533260F}"
EndProject
Project("{8BC9CEB8-8B4A-11D0-8D11-00A0C91BC942}") = "ufo", "ufo.vcproj", "{81666F07-269F-43B1-BE2E-2762520E562E}"
	ProjectSection(ProjectDependencies) = postProject
		{A5D5E988-44F6-426F-BF5D-AEBCCBB3E694} = {A5D5E988-44F6-426F-BF5D-AEBCCBB3E694}
		{7CC842F1-9F48-4E10-8477-98A18533260F} = {7CC842F1-9F48-4E10-8477-98A18533260F}
	EndProjectSection
EndProject
Global
	GlobalSection(SolutionConfigurationPlatforms) = preSolution
		Debug Alpha|Win32 = Debug Alpha|Win32
		Debug|Win32 = Debug|Win32
		Release Alpha|Win32 = Release Alpha|Win32
		Release|Win32 = Release|Win32
		Release-SDLTTF|Win32 = Release-SDLTTF|Win32
	EndGlobalSection
	GlobalSection(ProjectConfigurationPlatforms) = postSolution
		{A5D5E988-44F6-426F-BF5D-AEBCCBB3E694}.Debug Alpha|Win32.ActiveCfg = Release|Win32
		{A5D5E988-44F6-426F-BF5D-AEBCCBB3E694}.Debug Alpha|Win32.Build.0 = Release|Win32
		{A5D5E988-44F6-426F-BF5D-AEBCCBB3E694}.Debug|Win32.ActiveCfg = Debug|Win32
		{A5D5E988-44F6-426F-BF5D-AEBCCBB3E694}.Debug|Win32.Build.0 = Debug|Win32
		{A5D5E988-44F6-426F-BF5D-AEBCCBB3E694}.Release Alpha|Win32.ActiveCfg = Release Alpha|Win32
		{A5D5E988-44F6-426F-BF5D-AEBCCBB3E694}.Release Alpha|Win32.Build.0 = Release Alpha|Win32
		{A5D5E988-44F6-426F-BF5D-AEBCCBB3E694}.Release|Win32.ActiveCfg = Release|Win32
		{A5D5E988-44F6-426F-BF5D-AEBCCBB3E694}.Release|Win32.Build.0 = Release|Win32
		{A5D5E988-44F6-426F-BF5D-AEBCCBB3E694}.Release-SDLTTF|Win32.ActiveCfg = Release|Win32
		{A5D5E988-44F6-426F-BF5D-AEBCCBB3E694}.Release-SDLTTF|Win32.Build.0 = Release|Win32
		{7CC842F1-9F48-4E10-8477-98A18533260F}.Debug Alpha|Win32.ActiveCfg = Release|Win32
		{7CC842F1-9F48-4E10-8477-98A18533260F}.Debug Alpha|Win32.Build.0 = Release|Win32
		{7CC842F1-9F48-4E10-8477-98A18533260F}.Debug|Win32.ActiveCfg = Debug|Win32
		{7CC842F1-9F48-4E10-8477-98A18533260F}.Debug|Win32.Build.0 = Debug|Win32
		{7CC842F1-9F48-4E10-8477-98A18533260F}.Release Alpha|Win32.ActiveCfg = Release Alpha|Win32
		{7CC842F1-9F48-4E10-8477-98A18533260F}.Release Alpha|Win32.Build.0 = Release Alpha|Win32
		{7CC842F1-9F48-4E10-8477-98A18533260F}.Release|Win32.ActiveCfg = Release|Win32
		{7CC842F1-9F48-4E10-8477-98A18533260F}.Release|Win32.Build.0 = Release|Win32
		{7CC842F1-9F48-4E10-8477-98A18533260F}.Release-SDLTTF|Win32.ActiveCfg = Release|Win32
		{7CC842F1-9F48-4E10-8477-98A18533260F}.Release-SDLTTF|Win32.Build.0 = Release|Win32
		{81666F07-269F-43B1-BE2E-2762520E562E}.Debug Alpha|Win32.ActiveCfg = Release|Win32
		{81666F07-269F-43B1-BE2E-2762520E562E}.Debug Alpha|Win32.Build.0 = Release|Win32
		{81666F07-269F-43B1-BE2E-2762520E562E}.Debug|Win32.ActiveCfg = Debug|Win32
		{81666F07-269F-43B1-BE2E-2762520E562E}.Debug|Win32.Build.0 = Debug|Win32
		{81666F07-269F-43B1-BE2E-2762520E562E}.Release Alpha|Win32.ActiveCfg = Release Alpha|Win32
		{81666F07-269F-43B1-BE2E-2762520E562E}.Release Alpha|Win32.Build.0 = Release Alpha|Win32
		{81666F07-269F-43B1-BE2E-2762520E562E}.Release|Win32.ActiveCfg = Release|Win32
		{81666F07-269F-43B1-BE2E-2762520E562E}.Release|Win32.Build.0 = Release|Win32
		{81666F07-269F-43B1-BE2E-2762520E562E}.Release-SDLTTF|Win32.ActiveCfg = Release-SDLTTF|Win32
		{81666F07-269F-43B1-BE2E-2762520E562E}.Release-SDLTTF|Win32.Build.0 = Release-SDLTTF|Win32
	EndGlobalSection
	GlobalSection(SolutionProperties) = preSolution
		HideSolutionNode = FALSE
	EndGlobalSection
EndGlobal
